
Microsoft Visual Studio Solution File, Format Version 12.00
# Visual Studio Version 16
VisualStudioVersion = 16.0.810.16
MinimumVisualStudioVersion = 10.0.40219.1
Project("{FAE04EC0-301F-11D3-BF4B-00C04F79EFBC}") = "DataStructures.Binary", "DataStructures.Binary\DataStructures.Binary.csproj", "{7564420C-BFA3-4785-8A4B-498D36B0C177}"
EndProject
Project("{FAE04EC0-301F-11D3-BF4B-00C04F79EFBC}") = "DataStructures.TestHarness", "DataStructures.TestHarness\DataStructures.TestHarness.csproj", "{D6CAB022-A376-476C-AEF1-283B6282EB8A}"
EndProject
Global
	GlobalSection(SolutionConfigurationPlatforms) = preSolution
		Debug|Any CPU = Debug|Any CPU
		Release|Any CPU = Release|Any CPU
	EndGlobalSection
	GlobalSection(ProjectConfigurationPlatforms) = postSolution
		{7564420C-BFA3-4785-8A4B-498D36B0C177}.Debug|Any CPU.ActiveCfg = Debug|Any CPU
		{7564420C-BFA3-4785-8A4B-498D36B0C177}.Debug|Any CPU.Build.0 = Debug|Any CPU
		{7564420C-BFA3-4785-8A4B-498D36B0C177}.Release|Any CPU.ActiveCfg = Release|Any CPU
		{7564420C-BFA3-4785-8A4B-498D36B0C177}.Release|Any CPU.Build.0 = Release|Any CPU
		{D6CAB022-A376-476C-AEF1-283B6282EB8A}.Debug|Any CPU.ActiveCfg = Debug|Any CPU
		{D6CAB022-A376-476C-AEF1-283B6282EB8A}.Debug|Any CPU.Build.0 = Debug|Any CPU
		{D6CAB022-A376-476C-AEF1-283B6282EB8A}.Release|Any CPU.ActiveCfg = Release|Any CPU
		{D6CAB022-A376-476C-AEF1-283B6282EB8A}.Release|Any CPU.Build.0 = Release|Any CPU
	EndGlobalSection
	GlobalSection(SolutionProperties) = preSolution
		HideSolutionNode = FALSE
	EndGlobalSection
	GlobalSection(ExtensibilityGlobals) = postSolution
		SolutionGuid = {A697E1C2-A474-4743-AFED-FCBAB9440B61}
	EndGlobalSection
EndGlobal
